[[package]]
name = "asgiref"
version = "3.3.1"
description = "ASGI specs, helper code, and adapters"
category = "main"
optional = false
python-versions = ">=3.5"

[package.extras]
tests = ["pytest", "pytest-asyncio"]

[[package]]
name = "django"
version = "3.1.5"
description = "A high-level Python Web framework that encourages rapid development and clean, pragmatic design."
category = "main"
optional = false
python-versions = ">=3.6"

[package.dependencies]
asgiref = ">=3.2.10,<4"
pytz = "*"
sqlparse = ">=0.2.2"

[package.extras]
argon2 = ["argon2-cffi (>=16.1.0)"]
bcrypt = ["bcrypt"]

[[package]]
name = "django-sass"
version = "1.1.0"
description = "The absolute simplest way to use Sass with Django. Pure Python, minimal dependencies, and no special configuration required!"
category = "main"
optional = false
python-versions = "*"

[package.dependencies]
django = "*"
libsass = "*"

[[package]]
name = "libsass"
version = "0.21.0"
description = "Sass for Python: A straightforward binding of libsass for Python."
category = "main"
optional = false
python-versions = "*"

[package.dependencies]
six = "*"

[[package]]
name = "pytz"
version = "2020.5"
description = "World timezone definitions, modern and historical"
category = "main"
optional = false
python-versions = "*"

[[package]]
name = "six"
version = "1.16.0"
description = "Python 2 and 3 compatibility utilities"
category = "main"
optional = false
python-versions = ">=2.7, !=3.0.*, !=3.1.*, !=3.2.*"

[[package]]
name = "sqlparse"
version = "0.4.1"
description = "A non-validating SQL parser."
category = "main"
optional = false
python-versions = ">=3.5"

[metadata]
lock-version = "1.1"
python-versions = "^3.8"
content-hash = "64a89ebc3e43eae7fa35b161b2865d8c7aa3fdee4b5a6c27d8f4b59d8f4d476f"

[metadata.files]
asgiref = [
    {file = "asgiref-3.3.1-py3-none-any.whl", hash = "sha256:5ee950735509d04eb673bd7f7120f8fa1c9e2df495394992c73234d526907e17"},
    {file = "asgiref-3.3.1.tar.gz", hash = "sha256:7162a3cb30ab0609f1a4c95938fd73e8604f63bdba516a7f7d64b83ff09478f0"},
]
django = [
    {file = "Django-3.1.5-py3-none-any.whl", hash = "sha256:efa2ab96b33b20c2182db93147a0c3cd7769d418926f9e9f140a60dca7c64ca9"},
    {file = "Django-3.1.5.tar.gz", hash = "sha256:2d78425ba74c7a1a74b196058b261b9733a8570782f4e2828974777ccca7edf7"},
]
django-sass = [
    {file = "django-sass-1.1.0.tar.gz", hash = "sha256:da163cd7ad7b9c2f1f10f2ec8b76939640d5b32d21ee74a240ca50a059c5fe7a"},
    {file = "django_sass-1.1.0-py3-none-any.whl", hash = "sha256:992f39d97a7b2d7d891255e5f99512ffd616b2e0aae1ca9b76983c5ecd603342"},
]
libsass = [
    {file = "libsass-0.21.0-cp27-cp27m-macosx_10_14_x86_64.whl", hash = "sha256:06c8776417fe930714bdc930a3d7e795ae3d72be6ac883ff72a1b8f7c49e5ffb"},
    {file = "libsass-0.21.0-cp27-cp27m-win32.whl", hash = "sha256:a005f298f64624f313a3ac618ab03f844c71d84ae4f4a4aec4b68d2a4ffe75eb"},
    {file = "libsass-0.21.0-cp27-cp27m-win_amd64.whl", hash = "sha256:6b984510ed94993708c0d697b4fef2d118929bbfffc3b90037be0f5ccadf55e7"},
    {file = "libsass-0.21.0-cp27-cp27mu-manylinux_2_5_x86_64.manylinux1_x86_64.whl", hash = "sha256:1e25dd9047a9392d3c59a0b869e0404f2b325a03871ee45285ee33b3664f5613"},
    {file = "libsass-0.21.0-cp36-abi3-macosx_10_14_x86_64.whl", hash = "sha256:12f39712de38689a8b785b7db41d3ba2ea1d46f9379d81ea4595802d91fa6529"},
    {file = "libsass-0.21.0-cp36-abi3-manylinux_2_5_x86_64.manylinux1_x86_64.whl", hash = "sha256:e2b1a7d093f2e76dc694c17c0c285e846d0b0deb0e8b21dc852ba1a3a4e2f1d6"},
    {file = "libsass-0.21.0-cp36-abi3-win32.whl", hash = "sha256:abc29357ee540849faf1383e1746d40d69ed5cb6d4c346df276b258f5aa8977a"},
    {file = "libsass-0.21.0-cp36-abi3-win_amd64.whl", hash = "sha256:659ae41af8708681fa3ec73f47b9735a6725e71c3b66ff570bfce78952f2314e"},
    {file = "libsass-0.21.0-cp38-abi3-macosx_12_0_arm64.whl", hash = "sha256:c9ec490609752c1d81ff6290da33485aa7cb6d7365ac665b74464c1b7d97f7da"},
    {file = "libsass-0.21.0.tar.gz", hash = "sha256:d5ba529d9ce668be9380563279f3ffe988f27bc5b299c5a28453df2e0b0fbaf2"},
]
pytz = [
    {file = "pytz-2020.5-py2.py3-none-any.whl", hash = "sha256:16962c5fb8db4a8f63a26646d8886e9d769b6c511543557bc84e9569fb9a9cb4"},
    {file = "pytz-2020.5.tar.gz", hash = "sha256:180befebb1927b16f6b57101720075a984c019ac16b1b7575673bea42c6c3da5"},
]
six = [
    {file = "six-1.16.0-py2.py3-none-any.whl", hash = "sha256:8abb2f1d86890a2dfb989f9a77cfcfd3e47c2a354b01111771326f8aa26e0254"},
    {file = "six-1.16.0.tar.gz", hash = "sha256:1e61c37477a1626458e36f7b1d82aa5c9b094fa4802892072e49de9c60c4c926"},
]
sqlparse = [
    {file = "sqlparse-0.4.1-py3-none-any.whl", hash = "sha256:017cde379adbd6a1f15a61873f43e8274179378e95ef3fede90b5aa64d304ed0"},
    {file = "sqlparse-0.4.1.tar.gz", hash = "sha256:0f91fd2e829c44362cbcfab3e9ae12e22badaa8a29ad5ff599f9ec109f0454e8"},
]
